// !$*UTF8*$!
{
	archiveVersion = 1;
	classes = {
	};
	objectVersion = 56;
	objects = {

/* Begin PBXBuildFile section */
		850EA1C32A81874100858A72 /* AudioKitUI in Frameworks */ = {isa = PBXBuildFile; productRef = 850EA1C22A81874100858A72 /* AudioKitUI */; };
		8538B9782AEB6FA400B7C21B /* fft.h in Sources */ = {isa = PBXBuildFile; fileRef = 85A346C82AE723CE00A4EB9D /* fft.h */; };
		8538B9792AEB6FA400B7C21B /* mix.h in Sources */ = {isa = PBXBuildFile; fileRef = 85A346C92AE723CE00A4EB9D /* mix.h */; };
		8538B97A2AEB6FA400B7C21B /* windows.h in Sources */ = {isa = PBXBuildFile; fileRef = 85A346CA2AE723CE00A4EB9D /* windows.h */; };
		8538B97B2AEB6FA400B7C21B /* README.md in Sources */ = {isa = PBXBuildFile; fileRef = 85A346CB2AE723CE00A4EB9D /* README.md */; };
		8538B97C2AEB6FA400B7C21B /* common.h in Sources */ = {isa = PBXBuildFile; fileRef = 85A346CC2AE723CE00A4EB9D /* common.h */; };
		8538B97D2AEB6FA400B7C21B /* envelopes.h in Sources */ = {isa = PBXBuildFile; fileRef = 85A346CD2AE723CE00A4EB9D /* envelopes.h */; };
		8538B97E2AEB6FA400B7C21B /* delay.h in Sources */ = {isa = PBXBuildFile; fileRef = 85A346CE2AE723CE00A4EB9D /* delay.h */; };
		8538B97F2AEB6FA400B7C21B /* curves.h in Sources */ = {isa = PBXBuildFile; fileRef = 85A346CF2AE723CE00A4EB9D /* curves.h */; };
		8538B9802AEB6FA400B7C21B /* LICENSE.txt in Sources */ = {isa = PBXBuildFile; fileRef = 85A346D02AE723CE00A4EB9D /* LICENSE.txt */; };
		8538B9812AEB6FA400B7C21B /* spectral.h in Sources */ = {isa = PBXBuildFile; fileRef = 85A346D12AE723CE00A4EB9D /* spectral.h */; };
		8538B9822AEB6FA400B7C21B /* perf.h in Sources */ = {isa = PBXBuildFile; fileRef = 85A346D22AE723CE00A4EB9D /* perf.h */; };
		8538B9832AEB6FA400B7C21B /* filters.h in Sources */ = {isa = PBXBuildFile; fileRef = 85A346D32AE723CE00A4EB9D /* filters.h */; };
		853C7EAD2A8468F800A28111 /* GRDBQuery in Frameworks */ = {isa = PBXBuildFile; productRef = 853C7EAC2A8468F800A28111 /* GRDBQuery */; };
		853C7EB02A846A9500A28111 /* AppDatabase.swift in Sources */ = {isa = PBXBuildFile; fileRef = 853C7EAF2A846A9500A28111 /* AppDatabase.swift */; };
		853C7EB22A851E4100A28111 /* Track.swift in Sources */ = {isa = PBXBuildFile; fileRef = 853C7EB12A851E4100A28111 /* Track.swift */; };
		853C7EB42A851EA700A28111 /* TrackRequest.swift in Sources */ = {isa = PBXBuildFile; fileRef = 853C7EB32A851EA700A28111 /* TrackRequest.swift */; };
		853C7EB72A851F7700A28111 /* GRDB in Frameworks */ = {isa = PBXBuildFile; productRef = 853C7EB62A851F7700A28111 /* GRDB */; };
		853C7EB92A851FC800A28111 /* Persistence.swift in Sources */ = {isa = PBXBuildFile; fileRef = 853C7EB82A851FC800A28111 /* Persistence.swift */; };
		858488622AF163A2001214EB /* AudioKit in Frameworks */ = {isa = PBXBuildFile; productRef = 858488612AF163A2001214EB /* AudioKit */; };
		85A346D52AE723CE00A4EB9D /* README.md in Resources */ = {isa = PBXBuildFile; fileRef = 85A346CB2AE723CE00A4EB9D /* README.md */; };
		85A346D62AE723CE00A4EB9D /* LICENSE.txt in Resources */ = {isa = PBXBuildFile; fileRef = 85A346D02AE723CE00A4EB9D /* LICENSE.txt */; };
		85B2672A2A816B9D0028FDD1 /* katherineApp.swift in Sources */ = {isa = PBXBuildFile; fileRef = 85B267292A816B9D0028FDD1 /* katherineApp.swift */; };
		85B2672C2A816B9D0028FDD1 /* ContentView.swift in Sources */ = {isa = PBXBuildFile; fileRef = 85B2672B2A816B9D0028FDD1 /* ContentView.swift */; };
		85B2672E2A816B9F0028FDD1 /* Assets.xcassets in Resources */ = {isa = PBXBuildFile; fileRef = 85B2672D2A816B9F0028FDD1 /* Assets.xcassets */; };
		85B267312A816B9F0028FDD1 /* Preview Assets.xcassets in Resources */ = {isa = PBXBuildFile; fileRef = 85B267302A816B9F0028FDD1 /* Preview Assets.xcassets */; };
		85E6244A2AEBFF220036375C /* AudioKitEX in Frameworks */ = {isa = PBXBuildFile; productRef = 85E624492AEBFF220036375C /* AudioKitEX */; };
		85E6244C2AEBFF4D0036375C /* MeowDSP.mm in Sources */ = {isa = PBXBuildFile; fileRef = 85E6244B2AEBFF4D0036375C /* MeowDSP.mm */; };
		85E6244E2AEBFF9A0036375C /* Fader.swift in Sources */ = {isa = PBXBuildFile; fileRef = 85E6244D2AEBFF9A0036375C /* Fader.swift */; };
/* End PBXBuildFile section */

/* Begin PBXFileReference section */
		850EA1C42A82B0D000858A72 /* Info.plist */ = {isa = PBXFileReference; lastKnownFileType = text.plist; path = Info.plist; sourceTree = "<group>"; };
		8538BA212AEBFDE800B7C21B /* AudioKitEX */ = {isa = PBXFileReference; lastKnownFileType = wrapper; name = AudioKitEX; path = katarina/AudioKitEX; sourceTree = "<group>"; };
		853C7EAF2A846A9500A28111 /* AppDatabase.swift */ = {isa = PBXFileReference; lastKnownFileType = sourcecode.swift; path = AppDatabase.swift; sourceTree = "<group>"; };
		853C7EB12A851E4100A28111 /* Track.swift */ = {isa = PBXFileReference; lastKnownFileType = sourcecode.swift; path = Track.swift; sourceTree = "<group>"; };
		853C7EB32A851EA700A28111 /* TrackRequest.swift */ = {isa = PBXFileReference; lastKnownFileType = sourcecode.swift; path = TrackRequest.swift; sourceTree = "<group>"; };
		853C7EB82A851FC800A28111 /* Persistence.swift */ = {isa = PBXFileReference; lastKnownFileType = sourcecode.swift; path = Persistence.swift; sourceTree = "<group>"; };
		858488602AF16395001214EB /* AudioKit */ = {isa = PBXFileReference; lastKnownFileType = wrapper; name = AudioKit; path = ../AudioKit; sourceTree = "<group>"; };
		85A346C12AE70F9400A4EB9D /* Fader.swift */ = {isa = PBXFileReference; fileEncoding = 4; lastKnownFileType = sourcecode.swift; path = Fader.swift; sourceTree = "<group>"; };
		85A346C82AE723CE00A4EB9D /* fft.h */ = {isa = PBXFileReference; fileEncoding = 4; lastKnownFileType = sourcecode.c.h; path = fft.h; sourceTree = "<group>"; };
		85A346C92AE723CE00A4EB9D /* mix.h */ = {isa = PBXFileReference; fileEncoding = 4; lastKnownFileType = sourcecode.c.h; path = mix.h; sourceTree = "<group>"; };
		85A346CA2AE723CE00A4EB9D /* windows.h */ = {isa = PBXFileReference; fileEncoding = 4; lastKnownFileType = sourcecode.c.h; path = windows.h; sourceTree = "<group>"; };
		85A346CB2AE723CE00A4EB9D /* README.md */ = {isa = PBXFileReference; fileEncoding = 4; lastKnownFileType = net.daringfireball.markdown; path = README.md; sourceTree = "<group>"; };
		85A346CC2AE723CE00A4EB9D /* common.h */ = {isa = PBXFileReference; fileEncoding = 4; lastKnownFileType = sourcecode.c.h; path = common.h; sourceTree = "<group>"; };
		85A346CD2AE723CE00A4EB9D /* envelopes.h */ = {isa = PBXFileReference; fileEncoding = 4; lastKnownFileType = sourcecode.c.h; path = envelopes.h; sourceTree = "<group>"; };
		85A346CE2AE723CE00A4EB9D /* delay.h */ = {isa = PBXFileReference; fileEncoding = 4; lastKnownFileType = sourcecode.c.h; path = delay.h; sourceTree = "<group>"; };
		85A346CF2AE723CE00A4EB9D /* curves.h */ = {isa = PBXFileReference; fileEncoding = 4; lastKnownFileType = sourcecode.c.h; path = curves.h; sourceTree = "<group>"; };
		85A346D02AE723CE00A4EB9D /* LICENSE.txt */ = {isa = PBXFileReference; fileEncoding = 4; lastKnownFileType = text; path = LICENSE.txt; sourceTree = "<group>"; };
		85A346D12AE723CE00A4EB9D /* spectral.h */ = {isa = PBXFileReference; fileEncoding = 4; lastKnownFileType = sourcecode.c.h; path = spectral.h; sourceTree = "<group>"; };
		85A346D22AE723CE00A4EB9D /* perf.h */ = {isa = PBXFileReference; fileEncoding = 4; lastKnownFileType = sourcecode.c.h; path = perf.h; sourceTree = "<group>"; };
		85A346D32AE723CE00A4EB9D /* filters.h */ = {isa = PBXFileReference; fileEncoding = 4; lastKnownFileType = sourcecode.c.h; path = filters.h; sourceTree = "<group>"; };
		85A346D42AE723CE00A4EB9D /* signalsmith-stretch.h */ = {isa = PBXFileReference; fileEncoding = 4; lastKnownFileType = sourcecode.c.h; path = "signalsmith-stretch.h"; sourceTree = "<group>"; };
		85B267262A816B9D0028FDD1 /* katarina.app */ = {isa = PBXFileReference; explicitFileType = wrapper.application; includeInIndex = 0; path = katarina.app; sourceTree = BUILT_PRODUCTS_DIR; };
		85B267292A816B9D0028FDD1 /* katherineApp.swift */ = {isa = PBXFileReference; lastKnownFileType = sourcecode.swift; path = katherineApp.swift; sourceTree = "<group>"; };
		85B2672B2A816B9D0028FDD1 /* ContentView.swift */ = {isa = PBXFileReference; lastKnownFileType = sourcecode.swift; path = ContentView.swift; sourceTree = "<group>"; };
		85B2672D2A816B9F0028FDD1 /* Assets.xcassets */ = {isa = PBXFileReference; lastKnownFileType = folder.assetcatalog; path = Assets.xcassets; sourceTree = "<group>"; };
		85B267302A816B9F0028FDD1 /* Preview Assets.xcassets */ = {isa = PBXFileReference; lastKnownFileType = folder.assetcatalog; path = "Preview Assets.xcassets"; sourceTree = "<group>"; };
		85E6244B2AEBFF4D0036375C /* MeowDSP.mm */ = {isa = PBXFileReference; fileEncoding = 4; lastKnownFileType = sourcecode.cpp.objcpp; path = MeowDSP.mm; sourceTree = "<group>"; };
		85E6244D2AEBFF9A0036375C /* Fader.swift */ = {isa = PBXFileReference; fileEncoding = 4; lastKnownFileType = sourcecode.swift; path = Fader.swift; sourceTree = "<group>"; };
/* End PBXFileReference section */

/* Begin PBXFrameworksBuildPhase section */
		85B267232A816B9D0028FDD1 /* Frameworks */ = {
			isa = PBXFrameworksBuildPhase;
			buildActionMask = 2147483647;
			files = (
				85E6244A2AEBFF220036375C /* AudioKitEX in Frameworks */,
				853C7EB72A851F7700A28111 /* GRDB in Frameworks */,
				858488622AF163A2001214EB /* AudioKit in Frameworks */,
				850EA1C32A81874100858A72 /* AudioKitUI in Frameworks */,
				853C7EAD2A8468F800A28111 /* GRDBQuery in Frameworks */,
			);
			runOnlyForDeploymentPostprocessing = 0;
		};
/* End PBXFrameworksBuildPhase section */

/* Begin PBXGroup section */
		8538BA202AEBFDE800B7C21B /* Packages */ = {
			isa = PBXGroup;
			children = (
				858488602AF16395001214EB /* AudioKit */,
				8538BA212AEBFDE800B7C21B /* AudioKitEX */,
			);
			name = Packages;
			sourceTree = "<group>";
		};
		853C7EB52A851F7700A28111 /* Frameworks */ = {
			isa = PBXGroup;
			children = (
			);
			name = Frameworks;
			sourceTree = "<group>";
		};
		85A346C72AE723CE00A4EB9D /* dsp */ = {
			isa = PBXGroup;
			children = (
				85A346C82AE723CE00A4EB9D /* fft.h */,
				85A346C92AE723CE00A4EB9D /* mix.h */,
				85A346CA2AE723CE00A4EB9D /* windows.h */,
				85A346CB2AE723CE00A4EB9D /* README.md */,
				85A346CC2AE723CE00A4EB9D /* common.h */,
				85A346CD2AE723CE00A4EB9D /* envelopes.h */,
				85A346CE2AE723CE00A4EB9D /* delay.h */,
				85A346CF2AE723CE00A4EB9D /* curves.h */,
				85A346D02AE723CE00A4EB9D /* LICENSE.txt */,
				85A346D12AE723CE00A4EB9D /* spectral.h */,
				85A346D22AE723CE00A4EB9D /* perf.h */,
				85A346D32AE723CE00A4EB9D /* filters.h */,
			);
			path = dsp;
			sourceTree = "<group>";
		};
		85B2671D2A816B9D0028FDD1 = {
			isa = PBXGroup;
			children = (
				8538BA202AEBFDE800B7C21B /* Packages */,
				853C7EB82A851FC800A28111 /* Persistence.swift */,
				85B267282A816B9D0028FDD1 /* katarina */,
				85B267272A816B9D0028FDD1 /* Products */,
				853C7EB52A851F7700A28111 /* Frameworks */,
			);
			sourceTree = "<group>";
		};
		85B267272A816B9D0028FDD1 /* Products */ = {
			isa = PBXGroup;
			children = (
				85B267262A816B9D0028FDD1 /* katarina.app */,
			);
			name = Products;
			sourceTree = "<group>";
		};
		85B267282A816B9D0028FDD1 /* katarina */ = {
			isa = PBXGroup;
			children = (
				85E6244D2AEBFF9A0036375C /* Fader.swift */,
				85E6244B2AEBFF4D0036375C /* MeowDSP.mm */,
				85A346C12AE70F9400A4EB9D /* Fader.swift */,
				850EA1C42A82B0D000858A72 /* Info.plist */,
				85B267292A816B9D0028FDD1 /* katherineApp.swift */,
				85B2672B2A816B9D0028FDD1 /* ContentView.swift */,
				85A346C72AE723CE00A4EB9D /* dsp */,
				85A346D42AE723CE00A4EB9D /* signalsmith-stretch.h */,
				853C7EAF2A846A9500A28111 /* AppDatabase.swift */,
				853C7EB12A851E4100A28111 /* Track.swift */,
				853C7EB32A851EA700A28111 /* TrackRequest.swift */,
				85B2672D2A816B9F0028FDD1 /* Assets.xcassets */,
				85B2672F2A816B9F0028FDD1 /* Preview Content */,
			);
			path = katarina;
			sourceTree = "<group>";
		};
		85B2672F2A816B9F0028FDD1 /* Preview Content */ = {
			isa = PBXGroup;
			children = (
				85B267302A816B9F0028FDD1 /* Preview Assets.xcassets */,
			);
			path = "Preview Content";
			sourceTree = "<group>";
		};
/* End PBXGroup section */

/* Begin PBXNativeTarget section */
		85B267252A816B9D0028FDD1 /* katarina */ = {
			isa = PBXNativeTarget;
			buildConfigurationList = 85B267342A816B9F0028FDD1 /* Build configuration list for PBXNativeTarget "katarina" */;
			buildPhases = (
				85B267222A816B9D0028FDD1 /* Sources */,
				85B267232A816B9D0028FDD1 /* Frameworks */,
				85B267242A816B9D0028FDD1 /* Resources */,
			);
			buildRules = (
			);
			dependencies = (
			);
			name = katarina;
			packageProductDependencies = (
				850EA1C22A81874100858A72 /* AudioKitUI */,
				853C7EAC2A8468F800A28111 /* GRDBQuery */,
				853C7EB62A851F7700A28111 /* GRDB */,
				85E624492AEBFF220036375C /* AudioKitEX */,
				858488612AF163A2001214EB /* AudioKit */,
			);
			productName = katarina;
			productReference = 85B267262A816B9D0028FDD1 /* katarina.app */;
			productType = "com.apple.product-type.application";
		};
/* End PBXNativeTarget section */

/* Begin PBXProject section */
		85B2671E2A816B9D0028FDD1 /* Project object */ = {
			isa = PBXProject;
			attributes = {
				BuildIndependentTargetsInParallel = 1;
				LastSwiftUpdateCheck = 1420;
				LastUpgradeCheck = 1420;
				TargetAttributes = {
					85B267252A816B9D0028FDD1 = {
						CreatedOnToolsVersion = 14.2;
						LastSwiftMigration = 1420;
					};
				};
			};
			buildConfigurationList = 85B267212A816B9D0028FDD1 /* Build configuration list for PBXProject "katarina" */;
			compatibilityVersion = "Xcode 14.0";
			developmentRegion = en;
			hasScannedForEncodings = 0;
			knownRegions = (
				en,
				Base,
			);
			mainGroup = 85B2671D2A816B9D0028FDD1;
			packageReferences = (
				850EA1C12A81874100858A72 /* XCRemoteSwiftPackageReference "AudioKitUI" */,
				853C7EAB2A8468F800A28111 /* XCRemoteSwiftPackageReference "GRDBQuery" */,
				853C7EAE2A846A7500A28111 /* XCRemoteSwiftPackageReference "GRDB.swift" */,
			);
			productRefGroup = 85B267272A816B9D0028FDD1 /* Products */;
			projectDirPath = "";
			projectRoot = "";
			targets = (
				85B267252A816B9D0028FDD1 /* katarina */,
			);
		};
/* End PBXProject section */

/* Begin PBXResourcesBuildPhase section */
		85B267242A816B9D0028FDD1 /* Resources */ = {
			isa = PBXResourcesBuildPhase;
			buildActionMask = 2147483647;
			files = (
				85A346D62AE723CE00A4EB9D /* LICENSE.txt in Resources */,
				85A346D52AE723CE00A4EB9D /* README.md in Resources */,
				85B267312A816B9F0028FDD1 /* Preview Assets.xcassets in Resources */,
				85B2672E2A816B9F0028FDD1 /* Assets.xcassets in Resources */,
			);
			runOnlyForDeploymentPostprocessing = 0;
		};
/* End PBXResourcesBuildPhase section */

/* Begin PBXSourcesBuildPhase section */
		85B267222A816B9D0028FDD1 /* Sources */ = {
			isa = PBXSourcesBuildPhase;
			buildActionMask = 2147483647;
			files = (
				8538B9782AEB6FA400B7C21B /* fft.h in Sources */,
				85E6244C2AEBFF4D0036375C /* MeowDSP.mm in Sources */,
				8538B9792AEB6FA400B7C21B /* mix.h in Sources */,
				8538B97A2AEB6FA400B7C21B /* windows.h in Sources */,
				85E6244E2AEBFF9A0036375C /* Fader.swift in Sources */,
				8538B97B2AEB6FA400B7C21B /* README.md in Sources */,
				8538B97C2AEB6FA400B7C21B /* common.h in Sources */,
				8538B97D2AEB6FA400B7C21B /* envelopes.h in Sources */,
				8538B97E2AEB6FA400B7C21B /* delay.h in Sources */,
				8538B97F2AEB6FA400B7C21B /* curves.h in Sources */,
				8538B9802AEB6FA400B7C21B /* LICENSE.txt in Sources */,
				8538B9812AEB6FA400B7C21B /* spectral.h in Sources */,
				8538B9822AEB6FA400B7C21B /* perf.h in Sources */,
				8538B9832AEB6FA400B7C21B /* filters.h in Sources */,
				853C7EB42A851EA700A28111 /* TrackRequest.swift in Sources */,
				853C7EB02A846A9500A28111 /* AppDatabase.swift in Sources */,
				85B2672C2A816B9D0028FDD1 /* ContentView.swift in Sources */,
				853C7EB92A851FC800A28111 /* Persistence.swift in Sources */,
				85B2672A2A816B9D0028FDD1 /* katherineApp.swift in Sources */,
				853C7EB22A851E4100A28111 /* Track.swift in Sources */,
			);
			runOnlyForDeploymentPostprocessing = 0;
		};
/* End PBXSourcesBuildPhase section */

/* Begin XCBuildConfiguration section */
		85B267322A816B9F0028FDD1 /* Debug */ = {
			isa = XCBuildConfiguration;
			buildSettings = {
				ALWAYS_SEARCH_USER_PATHS = NO;
				CLANG_ANALYZER_NONNULL = YES;
				CLANG_ANALYZER_NUMBER_OBJECT_CONVERSION = YES_AGGRESSIVE;
				CLANG_CXX_LANGUAGE_STANDARD = "gnu++20";
				CLANG_ENABLE_MODULES = YES;
				CLANG_ENABLE_OBJC_ARC = YES;
				CLANG_ENABLE_OBJC_WEAK = YES;
				CLANG_WARN_BLOCK_CAPTURE_AUTORELEASING = YES;
				CLANG_WARN_BOOL_CONVERSION = YES;
				CLANG_WARN_COMMA = YES;
				CLANG_WARN_CONSTANT_CONVERSION = YES;
				CLANG_WARN_DEPRECATED_OBJC_IMPLEMENTATIONS = YES;
				CLANG_WARN_DIRECT_OBJC_ISA_USAGE = YES_ERROR;
				CLANG_WARN_DOCUMENTATION_COMMENTS = YES;
				CLANG_WARN_EMPTY_BODY = YES;
				CLANG_WARN_ENUM_CONVERSION = YES;
				CLANG_WARN_INFINITE_RECURSION = YES;
				CLANG_WARN_INT_CONVERSION = YES;
				CLANG_WARN_NON_LITERAL_NULL_CONVERSION = YES;
				CLANG_WARN_OBJC_IMPLICIT_RETAIN_SELF = YES;
				CLANG_WARN_OBJC_LITERAL_CONVERSION = YES;
				CLANG_WARN_OBJC_ROOT_CLASS = YES_ERROR;
				CLANG_WARN_QUOTED_INCLUDE_IN_FRAMEWORK_HEADER = YES;
				CLANG_WARN_RANGE_LOOP_ANALYSIS = YES;
				CLANG_WARN_STRICT_PROTOTYPES = YES;
				CLANG_WARN_SUSPICIOUS_MOVE = YES;
				CLANG_WARN_UNGUARDED_AVAILABILITY = YES_AGGRESSIVE;
				CLANG_WARN_UNREACHABLE_CODE = YES;
				CLANG_WARN__DUPLICATE_METHOD_MATCH = YES;
				COPY_PHASE_STRIP = NO;
				DEBUG_INFORMATION_FORMAT = dwarf;
				ENABLE_STRICT_OBJC_MSGSEND = YES;
				ENABLE_TESTABILITY = YES;
				GCC_C_LANGUAGE_STANDARD = gnu11;
				GCC_DYNAMIC_NO_PIC = NO;
				GCC_ENABLE_CPP_EXCEPTIONS = YES;
				GCC_NO_COMMON_BLOCKS = YES;
				GCC_OPTIMIZATION_LEVEL = 0;
				GCC_PREPROCESSOR_DEFINITIONS = (
					"DEBUG=1",
					"$(inherited)",
				);
				GCC_WARN_64_TO_32_BIT_CONVERSION = YES;
				GCC_WARN_ABOUT_RETURN_TYPE = YES_ERROR;
				GCC_WARN_UNDECLARED_SELECTOR = YES;
				GCC_WARN_UNINITIALIZED_AUTOS = YES_AGGRESSIVE;
				GCC_WARN_UNUSED_FUNCTION = YES;
				GCC_WARN_UNUSED_VARIABLE = YES;
				IPHONEOS_DEPLOYMENT_TARGET = 16.2;
				MTL_ENABLE_DEBUG_INFO = INCLUDE_SOURCE;
				MTL_FAST_MATH = YES;
				ONLY_ACTIVE_ARCH = YES;
				SDKROOT = iphoneos;
				SWIFT_ACTIVE_COMPILATION_CONDITIONS = DEBUG;
				SWIFT_OBJC_INTEROP_MODE = objc;
				SWIFT_OPTIMIZATION_LEVEL = "-Onone";
			};
			name = Debug;
		};
		85B267332A816B9F0028FDD1 /* Release */ = {
			isa = XCBuildConfiguration;
			buildSettings = {
				ALWAYS_SEARCH_USER_PATHS = NO;
				CLANG_ANALYZER_NONNULL = YES;
				CLANG_ANALYZER_NUMBER_OBJECT_CONVERSION = YES_AGGRESSIVE;
				CLANG_CXX_LANGUAGE_STANDARD = "gnu++20";
				CLANG_ENABLE_MODULES = YES;
				CLANG_ENABLE_OBJC_ARC = YES;
				CLANG_ENABLE_OBJC_WEAK = YES;
				CLANG_WARN_BLOCK_CAPTURE_AUTORELEASING = YES;
				CLANG_WARN_BOOL_CONVERSION = YES;
				CLANG_WARN_COMMA = YES;
				CLANG_WARN_CONSTANT_CONVERSION = YES;
				CLANG_WARN_DEPRECATED_OBJC_IMPLEMENTATIONS = YES;
				CLANG_WARN_DIRECT_OBJC_ISA_USAGE = YES_ERROR;
				CLANG_WARN_DOCUMENTATION_COMMENTS = YES;
				CLANG_WARN_EMPTY_BODY = YES;
				CLANG_WARN_ENUM_CONVERSION = YES;
				CLANG_WARN_INFINITE_RECURSION = YES;
				CLANG_WARN_INT_CONVERSION = YES;
				CLANG_WARN_NON_LITERAL_NULL_CONVERSION = YES;
				CLANG_WARN_OBJC_IMPLICIT_RETAIN_SELF = YES;
				CLANG_WARN_OBJC_LITERAL_CONVERSION = YES;
				CLANG_WARN_OBJC_ROOT_CLASS = YES_ERROR;
				CLANG_WARN_QUOTED_INCLUDE_IN_FRAMEWORK_HEADER = YES;
				CLANG_WARN_RANGE_LOOP_ANALYSIS = YES;
				CLANG_WARN_STRICT_PROTOTYPES = YES;
				CLANG_WARN_SUSPICIOUS_MOVE = YES;
				CLANG_WARN_UNGUARDED_AVAILABILITY = YES_AGGRESSIVE;
				CLANG_WARN_UNREACHABLE_CODE = YES;
				CLANG_WARN__DUPLICATE_METHOD_MATCH = YES;
				COPY_PHASE_STRIP = NO;
				DEBUG_INFORMATION_FORMAT = "dwarf-with-dsym";
				ENABLE_NS_ASSERTIONS = NO;
				ENABLE_STRICT_OBJC_MSGSEND = YES;
				GCC_C_LANGUAGE_STANDARD = gnu11;
				GCC_ENABLE_CPP_EXCEPTIONS = YES;
				GCC_NO_COMMON_BLOCKS = YES;
				GCC_WARN_64_TO_32_BIT_CONVERSION = YES;
				GCC_WARN_ABOUT_RETURN_TYPE = YES_ERROR;
				GCC_WARN_UNDECLARED_SELECTOR = YES;
				GCC_WARN_UNINITIALIZED_AUTOS = YES_AGGRESSIVE;
				GCC_WARN_UNUSED_FUNCTION = YES;
				GCC_WARN_UNUSED_VARIABLE = YES;
				IPHONEOS_DEPLOYMENT_TARGET = 16.2;
				MTL_ENABLE_DEBUG_INFO = NO;
				MTL_FAST_MATH = YES;
				SDKROOT = iphoneos;
				SWIFT_COMPILATION_MODE = wholemodule;
				SWIFT_OBJC_INTEROP_MODE = objc;
				SWIFT_OPTIMIZATION_LEVEL = "-O";
				VALIDATE_PRODUCT = YES;
			};
			name = Release;
		};
		85B267352A816B9F0028FDD1 /* Debug */ = {
			isa = XCBuildConfiguration;
			buildSettings = {
				ASSETCATALOG_COMPILER_APPICON_NAME = AppIcon;
				ASSETCATALOG_COMPILER_GLOBAL_ACCENT_COLOR_NAME = AccentColor;
				CLANG_ENABLE_MODULES = YES;
				CODE_SIGN_STYLE = Automatic;
				CURRENT_PROJECT_VERSION = 1;
				DEVELOPMENT_ASSET_PATHS = "\"katarina/Preview Content\"";
				DEVELOPMENT_TEAM = C8XWX9329P;
				ENABLE_PREVIEWS = YES;
				GENERATE_INFOPLIST_FILE = YES;
				INFOPLIST_FILE = katarina/Info.plist;
				INFOPLIST_KEY_NSMicrophoneUsageDescription = "Use microphone";
				INFOPLIST_KEY_UIApplicationSceneManifest_Generation = YES;
				INFOPLIST_KEY_UIApplicationSupportsIndirectInputEvents = YES;
				INFOPLIST_KEY_UILaunchScreen_Generation = YES;
				INFOPLIST_KEY_UISupportedInterfaceOrientations_iPad = "UIInterfaceOrientationPortrait UIInterfaceOrientationPortraitUpsideDown UIInterfaceOrientationLandscapeLeft UIInterfaceOrientationLandscapeRight";
				INFOPLIST_KEY_UISupportedInterfaceOrientations_iPhone = "UIInterfaceOrientationPortrait UIInterfaceOrientationLandscapeLeft UIInterfaceOrientationLandscapeRight";
				IPHONEOS_DEPLOYMENT_TARGET = 16.0;
				LD_RUNPATH_SEARCH_PATHS = (
					"$(inherited)",
					"@executable_path/Frameworks",
				);
				MARKETING_VERSION = 1.0;
				NEW_SETTING = "";
				PRODUCT_BUNDLE_IDENTIFIER = com.emily.katherine.katherine;
				PRODUCT_NAME = "$(TARGET_NAME)";
				SWIFT_EMIT_LOC_STRINGS = YES;
				SWIFT_OPTIMIZATION_LEVEL = "-O";
				SWIFT_VERSION = 5.0;
				TARGETED_DEVICE_FAMILY = "1,2";
			};
			name = Debug;
		};
		85B267362A816B9F0028FDD1 /* Release */ = {
			isa = XCBuildConfiguration;
			buildSettings = {
				ASSETCATALOG_COMPILER_APPICON_NAME = AppIcon;
				ASSETCATALOG_COMPILER_GLOBAL_ACCENT_COLOR_NAME = AccentColor;
				CLANG_ENABLE_MODULES = YES;
				CODE_SIGN_STYLE = Automatic;
				CURRENT_PROJECT_VERSION = 1;
				DEVELOPMENT_ASSET_PATHS = "\"katarina/Preview Content\"";
				DEVELOPMENT_TEAM = C8XWX9329P;
				ENABLE_PREVIEWS = YES;
				GENERATE_INFOPLIST_FILE = YES;
				INFOPLIST_FILE = katarina/Info.plist;
				INFOPLIST_KEY_NSMicrophoneUsageDescription = "Use microphone";
				INFOPLIST_KEY_UIApplicationSceneManifest_Generation = YES;
				INFOPLIST_KEY_UIApplicationSupportsIndirectInputEvents = YES;
				INFOPLIST_KEY_UILaunchScreen_Generation = YES;
				INFOPLIST_KEY_UISupportedInterfaceOrientations_iPad = "UIInterfaceOrientationPortrait UIInterfaceOrientationPortraitUpsideDown UIInterfaceOrientationLandscapeLeft UIInterfaceOrientationLandscapeRight";
				INFOPLIST_KEY_UISupportedInterfaceOrientations_iPhone = "UIInterfaceOrientationPortrait UIInterfaceOrientationLandscapeLeft UIInterfaceOrientationLandscapeRight";
				IPHONEOS_DEPLOYMENT_TARGET = 16.0;
				LD_RUNPATH_SEARCH_PATHS = (
					"$(inherited)",
					"@executable_path/Frameworks",
				);
				MARKETING_VERSION = 1.0;
				NEW_SETTING = "";
				PRODUCT_BUNDLE_IDENTIFIER = com.emily.katherine.katherine;
				PRODUCT_NAME = "$(TARGET_NAME)";
				SWIFT_EMIT_LOC_STRINGS = YES;
				SWIFT_OPTIMIZATION_LEVEL = "-O";
				SWIFT_VERSION = 5.0;
				TARGETED_DEVICE_FAMILY = "1,2";
			};
			name = Release;
		};
/* End XCBuildConfiguration section */

/* Begin XCConfigurationList section */
		85B267212A816B9D0028FDD1 /* Build configuration list for PBXProject "katarina" */ = {
			isa = XCConfigurationList;
			buildConfigurations = (
				85B267322A816B9F0028FDD1 /* Debug */,
				85B267332A816B9F0028FDD1 /* Release */,
			);
			defaultConfigurationIsVisible = 0;
			defaultConfigurationName = Release;
		};
		85B267342A816B9F0028FDD1 /* Build configuration list for PBXNativeTarget "katarina" */ = {
			isa = XCConfigurationList;
			buildConfigurations = (
				85B267352A816B9F0028FDD1 /* Debug */,
				85B267362A816B9F0028FDD1 /* Release */,
			);
			defaultConfigurationIsVisible = 0;
			defaultConfigurationName = Release;
		};
/* End XCConfigurationList section */

/* Begin XCRemoteSwiftPackageReference section */
		850EA1C12A81874100858A72 /* XCRemoteSwiftPackageReference "AudioKitUI" */ = {
			isa = XCRemoteSwiftPackageReference;
			repositoryURL = "https://github.com/AudioKit/AudioKitUI.git";
			requirement = {
				kind = upToNextMajorVersion;
				minimumVersion = 0.3.5;
			};
		};
		853C7EAB2A8468F800A28111 /* XCRemoteSwiftPackageReference "GRDBQuery" */ = {
			isa = XCRemoteSwiftPackageReference;
			repositoryURL = "https://github.com/groue/GRDBQuery";
			requirement = {
				branch = main;
				kind = branch;
			};
		};
		853C7EAE2A846A7500A28111 /* XCRemoteSwiftPackageReference "GRDB.swift" */ = {
			isa = XCRemoteSwiftPackageReference;
			repositoryURL = "https://github.com/groue/GRDB.swift.git";
			requirement = {
				branch = master;
				kind = branch;
			};
		};
/* End XCRemoteSwiftPackageReference section */

/* Begin XCSwiftPackageProductDependency section */
		850EA1C22A81874100858A72 /* AudioKitUI */ = {
			isa = XCSwiftPackageProductDependency;
			package = 850EA1C12A81874100858A72 /* XCRemoteSwiftPackageReference "AudioKitUI" */;
			productName = AudioKitUI;
		};
		853C7EAC2A8468F800A28111 /* GRDBQuery */ = {
			isa = XCSwiftPackageProductDependency;
			package = 853C7EAB2A8468F800A28111 /* XCRemoteSwiftPackageReference "GRDBQuery" */;
			productName = GRDBQuery;
		};
		853C7EB62A851F7700A28111 /* GRDB */ = {
			isa = XCSwiftPackageProductDependency;
			package = 853C7EAE2A846A7500A28111 /* XCRemoteSwiftPackageReference "GRDB.swift" */;
			productName = GRDB;
		};
		858488612AF163A2001214EB /* AudioKit */ = {
			isa = XCSwiftPackageProductDependency;
			productName = AudioKit;
		};
		85E624492AEBFF220036375C /* AudioKitEX */ = {
			isa = XCSwiftPackageProductDependency;
			productName = AudioKitEX;
		};
/* End XCSwiftPackageProductDependency section */
	};
	rootObject = 85B2671E2A816B9D0028FDD1 /* Project object */;
}
